{
  "pins" : [
    {
      "identity" : "swifthelpers",
      "kind" : "remoteSourceControl",
      "location" : "https://github.com/leoho0722/SwiftHelpers.git",
      "state" : {
        "revision" : "c1a44cb2b49cc37c3722c62b2c3908a523bdcc20",
        "version" : "0.0.7"
      }
    }
  ],
  "version" : 2
}
