// !$*UTF8*$!
{
	archiveVersion = 1;
	classes = {
	};
	objectVersion = 56;
	objects = {

/* Begin PBXBuildFile section */
		32593D2F2A1DFBB7005A1A6B /* LocalDatabase.swift in Sources */ = {isa = PBXBuildFile; fileRef = 32593D2E2A1DFBB7005A1A6B /* LocalDatabase.swift */; };
		3261460E2A1744A000855A6E /* RecordViewController.swift in Sources */ = {isa = PBXBuildFile; fileRef = 3261460C2A1744A000855A6E /* RecordViewController.swift */; };
		3261460F2A1744A000855A6E /* RecordViewController.xib in Resources */ = {isa = PBXBuildFile; fileRef = 3261460D2A1744A000855A6E /* RecordViewController.xib */; };
		326146172A17691900855A6E /* RecordTableViewCell.swift in Sources */ = {isa = PBXBuildFile; fileRef = 326146152A17691800855A6E /* RecordTableViewCell.swift */; };
		326146182A17691900855A6E /* RecordTableViewCell.xib in Resources */ = {isa = PBXBuildFile; fileRef = 326146162A17691900855A6E /* RecordTableViewCell.xib */; };
		3261461F2A17808900855A6E /* BaseTabBarController.swift in Sources */ = {isa = PBXBuildFile; fileRef = 3261461D2A17808900855A6E /* BaseTabBarController.swift */; };
		326146202A17808900855A6E /* BaseTabBarController.xib in Resources */ = {isa = PBXBuildFile; fileRef = 3261461E2A17808900855A6E /* BaseTabBarController.xib */; };
		326146232A178F9800855A6E /* BlueLightFilterViewController.swift in Sources */ = {isa = PBXBuildFile; fileRef = 326146212A178F9800855A6E /* BlueLightFilterViewController.swift */; };
		326146242A178F9800855A6E /* BlueLightFilterViewController.xib in Resources */ = {isa = PBXBuildFile; fileRef = 326146222A178F9800855A6E /* BlueLightFilterViewController.xib */; };
		32BE4B4C2A0A451E0014161D /* AppDelegate.swift in Sources */ = {isa = PBXBuildFile; fileRef = 32BE4B4B2A0A451E0014161D /* AppDelegate.swift */; };
		32BE4B4E2A0A451E0014161D /* SceneDelegate.swift in Sources */ = {isa = PBXBuildFile; fileRef = 32BE4B4D2A0A451E0014161D /* SceneDelegate.swift */; };
		32BE4B552A0A45210014161D /* Assets.xcassets in Resources */ = {isa = PBXBuildFile; fileRef = 32BE4B542A0A45210014161D /* Assets.xcassets */; };
		32BE4B582A0A45210014161D /* LaunchScreen.storyboard in Resources */ = {isa = PBXBuildFile; fileRef = 32BE4B562A0A45210014161D /* LaunchScreen.storyboard */; };
		32BE4B612A0A45600014161D /* OldMainViewController.swift in Sources */ = {isa = PBXBuildFile; fileRef = 32BE4B5F2A0A45600014161D /* OldMainViewController.swift */; };
		32BE4B622A0A45600014161D /* OldMainViewController.xib in Resources */ = {isa = PBXBuildFile; fileRef = 32BE4B602A0A45600014161D /* OldMainViewController.xib */; };
		3F0246BA2ABC1A3A006EA177 /* MissionTableViewCell.swift in Sources */ = {isa = PBXBuildFile; fileRef = 3F0246B82ABC1A3A006EA177 /* MissionTableViewCell.swift */; };
		3F0246BB2ABC1A3A006EA177 /* MissionTableViewCell.xib in Resources */ = {isa = PBXBuildFile; fileRef = 3F0246B92ABC1A3A006EA177 /* MissionTableViewCell.xib */; };
		3F44875D2A71553900D573AB /* Alert.swift in Sources */ = {isa = PBXBuildFile; fileRef = 3F44875C2A71553900D573AB /* Alert.swift */; };
		3F44875F2A71736400D573AB /* RegisterRequest.swift in Sources */ = {isa = PBXBuildFile; fileRef = 3F44875E2A71736400D573AB /* RegisterRequest.swift */; };
		3F44884C2A722C4F00D573AB /* MainViewController.swift in Sources */ = {isa = PBXBuildFile; fileRef = 3F44884A2A722C4F00D573AB /* MainViewController.swift */; };
		3F44884D2A722C4F00D573AB /* MainViewController.xib in Resources */ = {isa = PBXBuildFile; fileRef = 3F44884B2A722C4F00D573AB /* MainViewController.xib */; };
		3F4488522A723EBF00D573AB /* CustomTabBarView.swift in Sources */ = {isa = PBXBuildFile; fileRef = 3F4488512A723EBF00D573AB /* CustomTabBarView.swift */; };
		3F4488542A723EDD00D573AB /* CustomTabBarView.xib in Resources */ = {isa = PBXBuildFile; fileRef = 3F4488532A723EDD00D573AB /* CustomTabBarView.xib */; };
		3F4488562A724D1800D573AB /* TabBarItemView.xib in Resources */ = {isa = PBXBuildFile; fileRef = 3F4488552A724D1800D573AB /* TabBarItemView.xib */; };
		3F4488582A724D5100D573AB /* TabBarItemView.swift in Sources */ = {isa = PBXBuildFile; fileRef = 3F4488572A724D5100D573AB /* TabBarItemView.swift */; };
		3F44885A2A725B7F00D573AB /* tabTap.json in Resources */ = {isa = PBXBuildFile; fileRef = 3F4488592A725B7F00D573AB /* tabTap.json */; };
		3F4488622A72A75E00D573AB /* PersonalViewController.swift in Sources */ = {isa = PBXBuildFile; fileRef = 3F4488602A72A75E00D573AB /* PersonalViewController.swift */; };
		3F4488632A72A75E00D573AB /* PersonalViewController.xib in Resources */ = {isa = PBXBuildFile; fileRef = 3F4488612A72A75E00D573AB /* PersonalViewController.xib */; };
		3F44886A2A72A79000D573AB /* ConcentrateViewController.swift in Sources */ = {isa = PBXBuildFile; fileRef = 3F4488682A72A79000D573AB /* ConcentrateViewController.swift */; };
		3F44886B2A72A79000D573AB /* ConcentrateViewController.xib in Resources */ = {isa = PBXBuildFile; fileRef = 3F4488692A72A79000D573AB /* ConcentrateViewController.xib */; };
		3F44886E2A72A7A500D573AB /* EquipmentViewController.swift in Sources */ = {isa = PBXBuildFile; fileRef = 3F44886C2A72A7A500D573AB /* EquipmentViewController.swift */; };
		3F44886F2A72A7A500D573AB /* EquipmentViewController.xib in Resources */ = {isa = PBXBuildFile; fileRef = 3F44886D2A72A7A500D573AB /* EquipmentViewController.xib */; };
		3F4488722A72A7B700D573AB /* SocialViewController.swift in Sources */ = {isa = PBXBuildFile; fileRef = 3F4488702A72A7B700D573AB /* SocialViewController.swift */; };
		3F4488732A72A7B700D573AB /* SocialViewController.xib in Resources */ = {isa = PBXBuildFile; fileRef = 3F4488712A72A7B700D573AB /* SocialViewController.xib */; };
		3F4488752A72BD2800D573AB /* BaseViewController.swift in Sources */ = {isa = PBXBuildFile; fileRef = 3F4488742A72BD2800D573AB /* BaseViewController.swift */; };
		3F4488D62A74B9B500D573AB /* NewsViewController.swift in Sources */ = {isa = PBXBuildFile; fileRef = 3F4488D42A74B9B500D573AB /* NewsViewController.swift */; };
		3F4488D72A74B9B500D573AB /* NewsViewController.xib in Resources */ = {isa = PBXBuildFile; fileRef = 3F4488D52A74B9B500D573AB /* NewsViewController.xib */; };
		3F4488D92A74C7B400D573AB /* OLas.json in Resources */ = {isa = PBXBuildFile; fileRef = 3F4488D82A74C7B400D573AB /* OLas.json */; };
		3F4488E62A750A0D00D573AB /* EyeExerciseViewController.swift in Sources */ = {isa = PBXBuildFile; fileRef = 3F4488E42A750A0D00D573AB /* EyeExerciseViewController.swift */; };
		3F4488E72A750A0D00D573AB /* EyeExerciseViewController.xib in Resources */ = {isa = PBXBuildFile; fileRef = 3F4488E52A750A0D00D573AB /* EyeExerciseViewController.xib */; };
		3F4489BB2A77FDA700D573AB /* ARkitCount.swift in Sources */ = {isa = PBXBuildFile; fileRef = 3F4489BA2A77FDA700D573AB /* ARkitCount.swift */; };
		3F5005472AB0B355007D9DED /* UploadImageRequest.swift in Sources */ = {isa = PBXBuildFile; fileRef = 3F5005462AB0B355007D9DED /* UploadImageRequest.swift */; };
		3F5005A72AB0D87B007D9DED /* GetPersonInfromationRequest.swift in Sources */ = {isa = PBXBuildFile; fileRef = 3F5005A62AB0D87B007D9DED /* GetPersonInfromationRequest.swift */; };
		3F6DFBDF2A6D76750058CDFB /* Color+Extnesion.swift in Sources */ = {isa = PBXBuildFile; fileRef = 3F6DFBDE2A6D76750058CDFB /* Color+Extnesion.swift */; };
		3F6DFE262A6E2DA90058CDFB /* LoginRequest.swift in Sources */ = {isa = PBXBuildFile; fileRef = 3F6DFE252A6E2DA90058CDFB /* LoginRequest.swift */; };
		3F6DFE282A6E4D490058CDFB /* GeneralResponse.swift in Sources */ = {isa = PBXBuildFile; fileRef = 3F6DFE272A6E4D490058CDFB /* GeneralResponse.swift */; };
		3F7C2E402AAED9BE004B71F4 /* UserPreferences.swift in Sources */ = {isa = PBXBuildFile; fileRef = 3F7C2E3F2AAED9BE004B71F4 /* UserPreferences.swift */; };
		3F89F83A2AE0314D00E8781C /* AuthenticationResponse.swift in Sources */ = {isa = PBXBuildFile; fileRef = 3F89F8392AE0314D00E8781C /* AuthenticationResponse.swift */; };
		3F96808A2A909D650031BEFE /* AppDefine.swift in Sources */ = {isa = PBXBuildFile; fileRef = 3F9680892A909D650031BEFE /* AppDefine.swift */; };
		3F9681072A920D780031BEFE /* PersonalLabelTableViewCell.swift in Sources */ = {isa = PBXBuildFile; fileRef = 3F9681052A920D780031BEFE /* PersonalLabelTableViewCell.swift */; };
		3F9681082A920D780031BEFE /* PersonalLabelTableViewCell.xib in Resources */ = {isa = PBXBuildFile; fileRef = 3F9681062A920D780031BEFE /* PersonalLabelTableViewCell.xib */; };
		3F96810B2A920E220031BEFE /* PersonalTableViewCell.swift in Sources */ = {isa = PBXBuildFile; fileRef = 3F9681092A920E220031BEFE /* PersonalTableViewCell.swift */; };
		3F96810C2A920E220031BEFE /* PersonalTableViewCell.xib in Resources */ = {isa = PBXBuildFile; fileRef = 3F96810A2A920E220031BEFE /* PersonalTableViewCell.xib */; };
		3FB632102AC46D6E0015AF8D /* FriendListTableViewCell.swift in Sources */ = {isa = PBXBuildFile; fileRef = 3FB6320E2AC46D6E0015AF8D /* FriendListTableViewCell.swift */; };
		3FB632112AC46D6E0015AF8D /* FriendListTableViewCell.xib in Resources */ = {isa = PBXBuildFile; fileRef = 3FB6320F2AC46D6E0015AF8D /* FriendListTableViewCell.xib */; };
		3FB632312AC947C30015AF8D /* GetFriendListRequest.swift in Sources */ = {isa = PBXBuildFile; fileRef = 3FB632302AC947C30015AF8D /* GetFriendListRequest.swift */; };
		3FB632912AC94D990015AF8D /* String+Extension.swift in Sources */ = {isa = PBXBuildFile; fileRef = 3FB632902AC94D990015AF8D /* String+Extension.swift */; };
		3FB632932AC94E570015AF8D /* UIImage+Extension.swift in Sources */ = {isa = PBXBuildFile; fileRef = 3FB632922AC94E570015AF8D /* UIImage+Extension.swift */; };
		3FB6330D2AC9C79C0015AF8D /* GetMissionListRequest.swift in Sources */ = {isa = PBXBuildFile; fileRef = 3FB6330C2AC9C79C0015AF8D /* GetMissionListRequest.swift */; };
		3FDCE2DF2A702DF6004981D7 /* LoginViewController.swift in Sources */ = {isa = PBXBuildFile; fileRef = 3FDCE2DD2A702DF6004981D7 /* LoginViewController.swift */; };
		3FDCE2E02A702DF6004981D7 /* LoginViewController.xib in Resources */ = {isa = PBXBuildFile; fileRef = 3FDCE2DE2A702DF6004981D7 /* LoginViewController.xib */; };
		3FDCE2E22A702F52004981D7 /* EyeProtect.json in Resources */ = {isa = PBXBuildFile; fileRef = 3FDCE2E12A702F52004981D7 /* EyeProtect.json */; };
		3FDCE2E52A70BECD004981D7 /* AstroSpace-eZ2Bg.ttf in Resources */ = {isa = PBXBuildFile; fileRef = 3FDCE2E42A70B8D2004981D7 /* AstroSpace-eZ2Bg.ttf */; };
		3FDCE3082A710452004981D7 /* Text+Extension.swift in Sources */ = {isa = PBXBuildFile; fileRef = 3FDCE3072A710452004981D7 /* Text+Extension.swift */; };
		3FE31D572A6D653A00E287A0 /* Logo-Animation - 1690117050344.json in Resources */ = {isa = PBXBuildFile; fileRef = 3FE31D562A6D653A00E287A0 /* Logo-Animation - 1690117050344.json */; };
		3FF44B1B2AD52091007A4ECA /* RobotHead.scn in Resources */ = {isa = PBXBuildFile; fileRef = 3FF44B1A2AD52091007A4ECA /* RobotHead.scn */; };
		3FF44B1D2AD57598007A4ECA /* 144251-check.json in Resources */ = {isa = PBXBuildFile; fileRef = 3FF44B1C2AD57598007A4ECA /* 144251-check.json */; };
		3FF44B1F2AD57767007A4ECA /* Check.json in Resources */ = {isa = PBXBuildFile; fileRef = 3FF44B1E2AD57767007A4ECA /* Check.json */; };
		5364894A85EA3AC094430E85 /* Pods_EyesApp.framework in Frameworks */ = {isa = PBXBuildFile; fileRef = 03BB7DA1F85E5DC44B2FAC5D /* Pods_EyesApp.framework */; };
		D8925D1C2A4D1F3C00DB9EC9 /* NetworkManager.swift in Sources */ = {isa = PBXBuildFile; fileRef = D8925D1B2A4D1F3C00DB9EC9 /* NetworkManager.swift */; };
		D8925D1E2A4D1FAC00DB9EC9 /* NetworkConstants.swift in Sources */ = {isa = PBXBuildFile; fileRef = D8925D1D2A4D1FAC00DB9EC9 /* NetworkConstants.swift */; };
		D8925D202A4D202E00DB9EC9 /* Encodable+Extension.swift in Sources */ = {isa = PBXBuildFile; fileRef = D8925D1F2A4D202E00DB9EC9 /* Encodable+Extension.swift */; };
/* End PBXBuildFile section */

/* Begin PBXFileReference section */
		03BB7DA1F85E5DC44B2FAC5D /* Pods_EyesApp.framework */ = {isa = PBXFileReference; explicitFileType = wrapper.framework; includeInIndex = 0; path = Pods_EyesApp.framework; sourceTree = BUILT_PRODUCTS_DIR; };
		32593D2E2A1DFBB7005A1A6B /* LocalDatabase.swift */ = {isa = PBXFileReference; lastKnownFileType = sourcecode.swift; path = LocalDatabase.swift; sourceTree = "<group>"; };
		3261460C2A1744A000855A6E /* RecordViewController.swift */ = {isa = PBXFileReference; lastKnownFileType = sourcecode.swift; path = RecordViewController.swift; sourceTree = "<group>"; };
		3261460D2A1744A000855A6E /* RecordViewController.xib */ = {isa = PBXFileReference; lastKnownFileType = file.xib; path = RecordViewController.xib; sourceTree = "<group>"; };
		326146152A17691800855A6E /* RecordTableViewCell.swift */ = {isa = PBXFileReference; lastKnownFileType = sourcecode.swift; path = RecordTableViewCell.swift; sourceTree = "<group>"; };
		326146162A17691900855A6E /* RecordTableViewCell.xib */ = {isa = PBXFileReference; lastKnownFileType = file.xib; path = RecordTableViewCell.xib; sourceTree = "<group>"; };
		3261461D2A17808900855A6E /* BaseTabBarController.swift */ = {isa = PBXFileReference; lastKnownFileType = sourcecode.swift; path = BaseTabBarController.swift; sourceTree = "<group>"; };
		3261461E2A17808900855A6E /* BaseTabBarController.xib */ = {isa = PBXFileReference; lastKnownFileType = file.xib; path = BaseTabBarController.xib; sourceTree = "<group>"; };
		326146212A178F9800855A6E /* BlueLightFilterViewController.swift */ = {isa = PBXFileReference; lastKnownFileType = sourcecode.swift; path = BlueLightFilterViewController.swift; sourceTree = "<group>"; };
		326146222A178F9800855A6E /* BlueLightFilterViewController.xib */ = {isa = PBXFileReference; lastKnownFileType = file.xib; path = BlueLightFilterViewController.xib; sourceTree = "<group>"; };
		32BE4B482A0A451E0014161D /* EyesApp.app */ = {isa = PBXFileReference; explicitFileType = wrapper.application; includeInIndex = 0; path = EyesApp.app; sourceTree = BUILT_PRODUCTS_DIR; };
		32BE4B4B2A0A451E0014161D /* AppDelegate.swift */ = {isa = PBXFileReference; lastKnownFileType = sourcecode.swift; path = AppDelegate.swift; sourceTree = "<group>"; };
		32BE4B4D2A0A451E0014161D /* SceneDelegate.swift */ = {isa = PBXFileReference; lastKnownFileType = sourcecode.swift; path = SceneDelegate.swift; sourceTree = "<group>"; };
		32BE4B542A0A45210014161D /* Assets.xcassets */ = {isa = PBXFileReference; lastKnownFileType = folder.assetcatalog; path = Assets.xcassets; sourceTree = "<group>"; };
		32BE4B572A0A45210014161D /* Base */ = {isa = PBXFileReference; lastKnownFileType = file.storyboard; name = Base; path = Base.lproj/LaunchScreen.storyboard; sourceTree = "<group>"; };
		32BE4B592A0A45210014161D /* Info.plist */ = {isa = PBXFileReference; lastKnownFileType = text.plist.xml; path = Info.plist; sourceTree = "<group>"; };
		32BE4B5F2A0A45600014161D /* OldMainViewController.swift */ = {isa = PBXFileReference; lastKnownFileType = sourcecode.swift; path = OldMainViewController.swift; sourceTree = "<group>"; };
		32BE4B602A0A45600014161D /* OldMainViewController.xib */ = {isa = PBXFileReference; lastKnownFileType = file.xib; path = OldMainViewController.xib; sourceTree = "<group>"; };
		3F0246B82ABC1A3A006EA177 /* MissionTableViewCell.swift */ = {isa = PBXFileReference; lastKnownFileType = sourcecode.swift; path = MissionTableViewCell.swift; sourceTree = "<group>"; };
		3F0246B92ABC1A3A006EA177 /* MissionTableViewCell.xib */ = {isa = PBXFileReference; lastKnownFileType = file.xib; path = MissionTableViewCell.xib; sourceTree = "<group>"; };
		3F44875C2A71553900D573AB /* Alert.swift */ = {isa = PBXFileReference; lastKnownFileType = sourcecode.swift; path = Alert.swift; sourceTree = "<group>"; };
		3F44875E2A71736400D573AB /* RegisterRequest.swift */ = {isa = PBXFileReference; lastKnownFileType = sourcecode.swift; path = RegisterRequest.swift; sourceTree = "<group>"; };
		3F44884A2A722C4F00D573AB /* MainViewController.swift */ = {isa = PBXFileReference; lastKnownFileType = sourcecode.swift; path = MainViewController.swift; sourceTree = "<group>"; };
		3F44884B2A722C4F00D573AB /* MainViewController.xib */ = {isa = PBXFileReference; lastKnownFileType = file.xib; path = MainViewController.xib; sourceTree = "<group>"; };
		3F4488512A723EBF00D573AB /* CustomTabBarView.swift */ = {isa = PBXFileReference; lastKnownFileType = sourcecode.swift; path = CustomTabBarView.swift; sourceTree = "<group>"; };
		3F4488532A723EDD00D573AB /* CustomTabBarView.xib */ = {isa = PBXFileReference; lastKnownFileType = file.xib; path = CustomTabBarView.xib; sourceTree = "<group>"; };
		3F4488552A724D1800D573AB /* TabBarItemView.xib */ = {isa = PBXFileReference; lastKnownFileType = file.xib; path = TabBarItemView.xib; sourceTree = "<group>"; };
		3F4488572A724D5100D573AB /* TabBarItemView.swift */ = {isa = PBXFileReference; lastKnownFileType = sourcecode.swift; path = TabBarItemView.swift; sourceTree = "<group>"; };
		3F4488592A725B7F00D573AB /* tabTap.json */ = {isa = PBXFileReference; fileEncoding = 4; lastKnownFileType = text.json; path = tabTap.json; sourceTree = "<group>"; };
		3F4488602A72A75E00D573AB /* PersonalViewController.swift */ = {isa = PBXFileReference; lastKnownFileType = sourcecode.swift; path = PersonalViewController.swift; sourceTree = "<group>"; };
		3F4488612A72A75E00D573AB /* PersonalViewController.xib */ = {isa = PBXFileReference; lastKnownFileType = file.xib; path = PersonalViewController.xib; sourceTree = "<group>"; };
		3F4488682A72A79000D573AB /* ConcentrateViewController.swift */ = {isa = PBXFileReference; lastKnownFileType = sourcecode.swift; path = ConcentrateViewController.swift; sourceTree = "<group>"; };
		3F4488692A72A79000D573AB /* ConcentrateViewController.xib */ = {isa = PBXFileReference; lastKnownFileType = file.xib; path = ConcentrateViewController.xib; sourceTree = "<group>"; };
		3F44886C2A72A7A500D573AB /* EquipmentViewController.swift */ = {isa = PBXFileReference; lastKnownFileType = sourcecode.swift; path = EquipmentViewController.swift; sourceTree = "<group>"; };
		3F44886D2A72A7A500D573AB /* EquipmentViewController.xib */ = {isa = PBXFileReference; lastKnownFileType = file.xib; path = EquipmentViewController.xib; sourceTree = "<group>"; };
		3F4488702A72A7B700D573AB /* SocialViewController.swift */ = {isa = PBXFileReference; lastKnownFileType = sourcecode.swift; path = SocialViewController.swift; sourceTree = "<group>"; };
		3F4488712A72A7B700D573AB /* SocialViewController.xib */ = {isa = PBXFileReference; lastKnownFileType = file.xib; path = SocialViewController.xib; sourceTree = "<group>"; };
		3F4488742A72BD2800D573AB /* BaseViewController.swift */ = {isa = PBXFileReference; lastKnownFileType = sourcecode.swift; path = BaseViewController.swift; sourceTree = "<group>"; };
		3F4488D42A74B9B500D573AB /* NewsViewController.swift */ = {isa = PBXFileReference; lastKnownFileType = sourcecode.swift; path = NewsViewController.swift; sourceTree = "<group>"; };
		3F4488D52A74B9B500D573AB /* NewsViewController.xib */ = {isa = PBXFileReference; lastKnownFileType = file.xib; path = NewsViewController.xib; sourceTree = "<group>"; };
		3F4488D82A74C7B400D573AB /* OLas.json */ = {isa = PBXFileReference; fileEncoding = 4; lastKnownFileType = text.json; path = OLas.json; sourceTree = "<group>"; };
		3F4488E42A750A0D00D573AB /* EyeExerciseViewController.swift */ = {isa = PBXFileReference; lastKnownFileType = sourcecode.swift; path = EyeExerciseViewController.swift; sourceTree = "<group>"; };
		3F4488E52A750A0D00D573AB /* EyeExerciseViewController.xib */ = {isa = PBXFileReference; lastKnownFileType = file.xib; path = EyeExerciseViewController.xib; sourceTree = "<group>"; };
		3F4489BA2A77FDA700D573AB /* ARkitCount.swift */ = {isa = PBXFileReference; lastKnownFileType = sourcecode.swift; path = ARkitCount.swift; sourceTree = "<group>"; };
		3F5005462AB0B355007D9DED /* UploadImageRequest.swift */ = {isa = PBXFileReference; lastKnownFileType = sourcecode.swift; path = UploadImageRequest.swift; sourceTree = "<group>"; };
		3F5005A62AB0D87B007D9DED /* GetPersonInfromationRequest.swift */ = {isa = PBXFileReference; lastKnownFileType = sourcecode.swift; path = GetPersonInfromationRequest.swift; sourceTree = "<group>"; };
		3F6DFBDE2A6D76750058CDFB /* Color+Extnesion.swift */ = {isa = PBXFileReference; lastKnownFileType = sourcecode.swift; path = "Color+Extnesion.swift"; sourceTree = "<group>"; };
		3F6DFE252A6E2DA90058CDFB /* LoginRequest.swift */ = {isa = PBXFileReference; lastKnownFileType = sourcecode.swift; path = LoginRequest.swift; sourceTree = "<group>"; };
		3F6DFE272A6E4D490058CDFB /* GeneralResponse.swift */ = {isa = PBXFileReference; lastKnownFileType = sourcecode.swift; path = GeneralResponse.swift; sourceTree = "<group>"; };
		3F7C2E3F2AAED9BE004B71F4 /* UserPreferences.swift */ = {isa = PBXFileReference; lastKnownFileType = sourcecode.swift; path = UserPreferences.swift; sourceTree = "<group>"; };
		3F89F8392AE0314D00E8781C /* AuthenticationResponse.swift */ = {isa = PBXFileReference; lastKnownFileType = sourcecode.swift; path = AuthenticationResponse.swift; sourceTree = "<group>"; };
		3F9680892A909D650031BEFE /* AppDefine.swift */ = {isa = PBXFileReference; lastKnownFileType = sourcecode.swift; path = AppDefine.swift; sourceTree = "<group>"; };
		3F96808B2A90AB250031BEFE /* EyesApp.entitlements */ = {isa = PBXFileReference; lastKnownFileType = text.plist.entitlements; path = EyesApp.entitlements; sourceTree = "<group>"; };
		3F9681052A920D780031BEFE /* PersonalLabelTableViewCell.swift */ = {isa = PBXFileReference; lastKnownFileType = sourcecode.swift; path = PersonalLabelTableViewCell.swift; sourceTree = "<group>"; };
		3F9681062A920D780031BEFE /* PersonalLabelTableViewCell.xib */ = {isa = PBXFileReference; lastKnownFileType = file.xib; path = PersonalLabelTableViewCell.xib; sourceTree = "<group>"; };
		3F9681092A920E220031BEFE /* PersonalTableViewCell.swift */ = {isa = PBXFileReference; lastKnownFileType = sourcecode.swift; path = PersonalTableViewCell.swift; sourceTree = "<group>"; };
		3F96810A2A920E220031BEFE /* PersonalTableViewCell.xib */ = {isa = PBXFileReference; lastKnownFileType = file.xib; path = PersonalTableViewCell.xib; sourceTree = "<group>"; };
		3FB6320E2AC46D6E0015AF8D /* FriendListTableViewCell.swift */ = {isa = PBXFileReference; lastKnownFileType = sourcecode.swift; path = FriendListTableViewCell.swift; sourceTree = "<group>"; };
		3FB6320F2AC46D6E0015AF8D /* FriendListTableViewCell.xib */ = {isa = PBXFileReference; lastKnownFileType = file.xib; path = FriendListTableViewCell.xib; sourceTree = "<group>"; };
		3FB632302AC947C30015AF8D /* GetFriendListRequest.swift */ = {isa = PBXFileReference; lastKnownFileType = sourcecode.swift; path = GetFriendListRequest.swift; sourceTree = "<group>"; };
		3FB632902AC94D990015AF8D /* String+Extension.swift */ = {isa = PBXFileReference; lastKnownFileType = sourcecode.swift; path = "String+Extension.swift"; sourceTree = "<group>"; };
		3FB632922AC94E570015AF8D /* UIImage+Extension.swift */ = {isa = PBXFileReference; lastKnownFileType = sourcecode.swift; path = "UIImage+Extension.swift"; sourceTree = "<group>"; };
		3FB6330C2AC9C79C0015AF8D /* GetMissionListRequest.swift */ = {isa = PBXFileReference; lastKnownFileType = sourcecode.swift; path = GetMissionListRequest.swift; sourceTree = "<group>"; };
		3FDCE2DD2A702DF6004981D7 /* LoginViewController.swift */ = {isa = PBXFileReference; lastKnownFileType = sourcecode.swift; path = LoginViewController.swift; sourceTree = "<group>"; };
		3FDCE2DE2A702DF6004981D7 /* LoginViewController.xib */ = {isa = PBXFileReference; lastKnownFileType = file.xib; path = LoginViewController.xib; sourceTree = "<group>"; };
		3FDCE2E12A702F52004981D7 /* EyeProtect.json */ = {isa = PBXFileReference; fileEncoding = 4; lastKnownFileType = text.json; path = EyeProtect.json; sourceTree = "<group>"; };
		3FDCE2E42A70B8D2004981D7 /* AstroSpace-eZ2Bg.ttf */ = {isa = PBXFileReference; lastKnownFileType = file; path = "AstroSpace-eZ2Bg.ttf"; sourceTree = "<group>"; };
		3FDCE3072A710452004981D7 /* Text+Extension.swift */ = {isa = PBXFileReference; lastKnownFileType = sourcecode.swift; path = "Text+Extension.swift"; sourceTree = "<group>"; };
		3FE31D562A6D653A00E287A0 /* Logo-Animation - 1690117050344.json */ = {isa = PBXFileReference; fileEncoding = 4; lastKnownFileType = text.json; path = "Logo-Animation - 1690117050344.json"; sourceTree = "<group>"; };
		3FF44B1A2AD52091007A4ECA /* RobotHead.scn */ = {isa = PBXFileReference; lastKnownFileType = file.bplist; path = RobotHead.scn; sourceTree = "<group>"; };
		3FF44B1C2AD57598007A4ECA /* 144251-check.json */ = {isa = PBXFileReference; fileEncoding = 4; lastKnownFileType = text.json; path = "144251-check.json"; sourceTree = "<group>"; };
		3FF44B1E2AD57767007A4ECA /* Check.json */ = {isa = PBXFileReference; fileEncoding = 4; lastKnownFileType = text.json; path = Check.json; sourceTree = "<group>"; };
		7676AE22173A08CF302C5B8F /* Pods-EyesApp.release.xcconfig */ = {isa = PBXFileReference; includeInIndex = 1; lastKnownFileType = text.xcconfig; name = "Pods-EyesApp.release.xcconfig"; path = "Target Support Files/Pods-EyesApp/Pods-EyesApp.release.xcconfig"; sourceTree = "<group>"; };
		B4690A957F43C863D075AD8F /* Pods-EyesApp.debug.xcconfig */ = {isa = PBXFileReference; includeInIndex = 1; lastKnownFileType = text.xcconfig; name = "Pods-EyesApp.debug.xcconfig"; path = "Target Support Files/Pods-EyesApp/Pods-EyesApp.debug.xcconfig"; sourceTree = "<group>"; };
		D8925D1B2A4D1F3C00DB9EC9 /* NetworkManager.swift */ = {isa = PBXFileReference; lastKnownFileType = sourcecode.swift; path = NetworkManager.swift; sourceTree = "<group>"; };
		D8925D1D2A4D1FAC00DB9EC9 /* NetworkConstants.swift */ = {isa = PBXFileReference; lastKnownFileType = sourcecode.swift; path = NetworkConstants.swift; sourceTree = "<group>"; };
		D8925D1F2A4D202E00DB9EC9 /* Encodable+Extension.swift */ = {isa = PBXFileReference; lastKnownFileType = sourcecode.swift; path = "Encodable+Extension.swift"; sourceTree = "<group>"; };
/* End PBXFileReference section */

/* Begin PBXFrameworksBuildPhase section */
		32BE4B452A0A451E0014161D /* Frameworks */ = {
			isa = PBXFrameworksBuildPhase;
			buildActionMask = 2147483647;
			files = (
				5364894A85EA3AC094430E85 /* Pods_EyesApp.framework in Frameworks */,
			);
			runOnlyForDeploymentPostprocessing = 0;
		};
/* End PBXFrameworksBuildPhase section */

/* Begin PBXGroup section */
		326146102A17628900855A6E /* Components */ = {
			isa = PBXGroup;
			children = (
				326146152A17691800855A6E /* RecordTableViewCell.swift */,
				326146162A17691900855A6E /* RecordTableViewCell.xib */,
			);
			path = Components;
			sourceTree = "<group>";
		};
		326146192A1770E600855A6E /* Model */ = {
			isa = PBXGroup;
			children = (
				D8925D1A2A4D1E7700DB9EC9 /* Network */,
				3FDCE3062A71042A004981D7 /* Extension */,
				32593D2E2A1DFBB7005A1A6B /* LocalDatabase.swift */,
				3F9680892A909D650031BEFE /* AppDefine.swift */,
				3F7C2E3F2AAED9BE004B71F4 /* UserPreferences.swift */,
			);
			path = Model;
			sourceTree = "<group>";
		};
		3261461C2A177F6500855A6E /* Contorller */ = {
			isa = PBXGroup;
			children = (
				3F44885F2A72A6BE00D573AB /* Personal */,
				3F44885E2A72A68000D573AB /* News */,
				3F44885D2A72A61F00D573AB /* Concentrate */,
				3F44885C2A72A5F800D573AB /* Equipment */,
				3F44885B2A72A5DE00D573AB /* Social */,
				3FE31D542A6D524A00E287A0 /* Login */,
				3261461D2A17808900855A6E /* BaseTabBarController.swift */,
				3261461E2A17808900855A6E /* BaseTabBarController.xib */,
				7C4409822A20A85700C68A1E /* Main */,
				7C4409832A20A86100C68A1E /* Record(old) */,
				7C4409852A20A88C00C68A1E /* BlueLightFilter(old) */,
			);
			path = Contorller;
			sourceTree = "<group>";
		};
		32BE4B3F2A0A451E0014161D = {
			isa = PBXGroup;
			children = (
				32BE4B4A2A0A451E0014161D /* EyesApp */,
				32BE4B492A0A451E0014161D /* Products */,
				45B2180F3F537D6E8999AA74 /* Pods */,
				E01E9B74241C568599753070 /* Frameworks */,
			);
			sourceTree = "<group>";
		};
		32BE4B492A0A451E0014161D /* Products */ = {
			isa = PBXGroup;
			children = (
				32BE4B482A0A451E0014161D /* EyesApp.app */,
			);
			name = Products;
			sourceTree = "<group>";
		};
		32BE4B4A2A0A451E0014161D /* EyesApp */ = {
			isa = PBXGroup;
			children = (
				3F96808B2A90AB250031BEFE /* EyesApp.entitlements */,
				32BE4B4B2A0A451E0014161D /* AppDelegate.swift */,
				32BE4B4D2A0A451E0014161D /* SceneDelegate.swift */,
				32BE4B562A0A45210014161D /* LaunchScreen.storyboard */,
				32BE4B592A0A45210014161D /* Info.plist */,
				326146192A1770E600855A6E /* Model */,
				3F44875B2A71551400D573AB /* View */,
				3261461C2A177F6500855A6E /* Contorller */,
				7C44097F2A20A0EB00C68A1E /* Resoureces */,
			);
			path = EyesApp;
			sourceTree = "<group>";
		};
		3F0246B72ABC1A0C006EA177 /* Component */ = {
			isa = PBXGroup;
			children = (
				3F0246B82ABC1A3A006EA177 /* MissionTableViewCell.swift */,
				3F0246B92ABC1A3A006EA177 /* MissionTableViewCell.xib */,
			);
			path = Component;
			sourceTree = "<group>";
		};
		3F44875B2A71551400D573AB /* View */ = {
			isa = PBXGroup;
			children = (
				3F4488502A723E9D00D573AB /* CustomTabBar */,
				3F44875C2A71553900D573AB /* Alert.swift */,
				3F4488742A72BD2800D573AB /* BaseViewController.swift */,
			);
			path = View;
			sourceTree = "<group>";
		};
		3F4488502A723E9D00D573AB /* CustomTabBar */ = {
			isa = PBXGroup;
			children = (
				3F4488512A723EBF00D573AB /* CustomTabBarView.swift */,
				3F4488532A723EDD00D573AB /* CustomTabBarView.xib */,
				3F4488552A724D1800D573AB /* TabBarItemView.xib */,
				3F4488572A724D5100D573AB /* TabBarItemView.swift */,
			);
			path = CustomTabBar;
			sourceTree = "<group>";
		};
		3F44885B2A72A5DE00D573AB /* Social */ = {
			isa = PBXGroup;
			children = (
				3FB6320D2AC46D280015AF8D /* Components */,
				3F4488702A72A7B700D573AB /* SocialViewController.swift */,
				3F4488712A72A7B700D573AB /* SocialViewController.xib */,
			);
			path = Social;
			sourceTree = "<group>";
		};
		3F44885C2A72A5F800D573AB /* Equipment */ = {
			isa = PBXGroup;
			children = (
				3F44886C2A72A7A500D573AB /* EquipmentViewController.swift */,
				3F44886D2A72A7A500D573AB /* EquipmentViewController.xib */,
			);
			path = Equipment;
			sourceTree = "<group>";
		};
		3F44885D2A72A61F00D573AB /* Concentrate */ = {
			isa = PBXGroup;
			children = (
				3F0246B72ABC1A0C006EA177 /* Component */,
				3F4488682A72A79000D573AB /* ConcentrateViewController.swift */,
				3F4488692A72A79000D573AB /* ConcentrateViewController.xib */,
			);
			path = Concentrate;
			sourceTree = "<group>";
		};
		3F44885E2A72A68000D573AB /* News */ = {
			isa = PBXGroup;
			children = (
				3F4488D42A74B9B500D573AB /* NewsViewController.swift */,
				3F4488D52A74B9B500D573AB /* NewsViewController.xib */,
			);
			path = News;
			sourceTree = "<group>";
		};
		3F44885F2A72A6BE00D573AB /* Personal */ = {
			isa = PBXGroup;
			children = (
				3F4488602A72A75E00D573AB /* PersonalViewController.swift */,
				3F4488612A72A75E00D573AB /* PersonalViewController.xib */,
				3F9681002A9206EB0031BEFE /* Component */,
			);
			path = Personal;
			sourceTree = "<group>";
		};
		3F4488DF2A7508F800D573AB /* EyeExercise */ = {
			isa = PBXGroup;
			children = (
				3F4488E42A750A0D00D573AB /* EyeExerciseViewController.swift */,
				3F4488E52A750A0D00D573AB /* EyeExerciseViewController.xib */,
			);
			path = EyeExercise;
			sourceTree = "<group>";
		};
		3F6DFE242A6E2D8D0058CDFB /* API */ = {
			isa = PBXGroup;
			children = (
				3F6DFE252A6E2DA90058CDFB /* LoginRequest.swift */,
				3F6DFE272A6E4D490058CDFB /* GeneralResponse.swift */,
				3F44875E2A71736400D573AB /* RegisterRequest.swift */,
				3F5005462AB0B355007D9DED /* UploadImageRequest.swift */,
				3F5005A62AB0D87B007D9DED /* GetPersonInfromationRequest.swift */,
				3FB632302AC947C30015AF8D /* GetFriendListRequest.swift */,
				3FB6330C2AC9C79C0015AF8D /* GetMissionListRequest.swift */,
				3F89F8392AE0314D00E8781C /* AuthenticationResponse.swift */,
			);
			path = API;
			sourceTree = "<group>";
		};
		3F9681002A9206EB0031BEFE /* Component */ = {
			isa = PBXGroup;
			children = (
				3F9681052A920D780031BEFE /* PersonalLabelTableViewCell.swift */,
				3F9681062A920D780031BEFE /* PersonalLabelTableViewCell.xib */,
				3F9681092A920E220031BEFE /* PersonalTableViewCell.swift */,
				3F96810A2A920E220031BEFE /* PersonalTableViewCell.xib */,
			);
			path = Component;
			sourceTree = "<group>";
		};
		3FB6320D2AC46D280015AF8D /* Components */ = {
			isa = PBXGroup;
			children = (
				3FB6320E2AC46D6E0015AF8D /* FriendListTableViewCell.swift */,
				3FB6320F2AC46D6E0015AF8D /* FriendListTableViewCell.xib */,
			);
			path = Components;
			sourceTree = "<group>";
		};
		3FDCE2E32A70B85A004981D7 /* Font */ = {
			isa = PBXGroup;
			children = (
				3FDCE2E42A70B8D2004981D7 /* AstroSpace-eZ2Bg.ttf */,
			);
			path = Font;
			sourceTree = "<group>";
		};
		3FDCE3062A71042A004981D7 /* Extension */ = {
			isa = PBXGroup;
			children = (
				3F6DFBDE2A6D76750058CDFB /* Color+Extnesion.swift */,
				D8925D1F2A4D202E00DB9EC9 /* Encodable+Extension.swift */,
				3FDCE3072A710452004981D7 /* Text+Extension.swift */,
				3F4489BA2A77FDA700D573AB /* ARkitCount.swift */,
				3FB632902AC94D990015AF8D /* String+Extension.swift */,
				3FB632922AC94E570015AF8D /* UIImage+Extension.swift */,
			);
			path = Extension;
			sourceTree = "<group>";
		};
		3FE31D542A6D524A00E287A0 /* Login */ = {
			isa = PBXGroup;
			children = (
				3FDCE2DD2A702DF6004981D7 /* LoginViewController.swift */,
				3FDCE2DE2A702DF6004981D7 /* LoginViewController.xib */,
			);
			path = Login;
			sourceTree = "<group>";
		};
		3FE31D552A6D64C400E287A0 /* Animate */ = {
			isa = PBXGroup;
			children = (
				3FF44B1E2AD57767007A4ECA /* Check.json */,
				3FF44B1C2AD57598007A4ECA /* 144251-check.json */,
				3F4488D82A74C7B400D573AB /* OLas.json */,
				3F4488592A725B7F00D573AB /* tabTap.json */,
				3FDCE2E12A702F52004981D7 /* EyeProtect.json */,
				3FE31D562A6D653A00E287A0 /* Logo-Animation - 1690117050344.json */,
			);
			path = Animate;
			sourceTree = "<group>";
		};
		3FF44B192AD52076007A4ECA /* ScenceFile */ = {
			isa = PBXGroup;
			children = (
				3FF44B1A2AD52091007A4ECA /* RobotHead.scn */,
			);
			path = ScenceFile;
			sourceTree = "<group>";
		};
		45B2180F3F537D6E8999AA74 /* Pods */ = {
			isa = PBXGroup;
			children = (
				B4690A957F43C863D075AD8F /* Pods-EyesApp.debug.xcconfig */,
				7676AE22173A08CF302C5B8F /* Pods-EyesApp.release.xcconfig */,
			);
			path = Pods;
			sourceTree = "<group>";
		};
		7C44097F2A20A0EB00C68A1E /* Resoureces */ = {
			isa = PBXGroup;
			children = (
				3FF44B192AD52076007A4ECA /* ScenceFile */,
				3FDCE2E32A70B85A004981D7 /* Font */,
				3FE31D552A6D64C400E287A0 /* Animate */,
				32BE4B542A0A45210014161D /* Assets.xcassets */,
			);
			path = Resoureces;
			sourceTree = "<group>";
		};
		7C4409822A20A85700C68A1E /* Main */ = {
			isa = PBXGroup;
			children = (
				3F4488DF2A7508F800D573AB /* EyeExercise */,
				32BE4B5F2A0A45600014161D /* OldMainViewController.swift */,
				32BE4B602A0A45600014161D /* OldMainViewController.xib */,
				3F44884A2A722C4F00D573AB /* MainViewController.swift */,
				3F44884B2A722C4F00D573AB /* MainViewController.xib */,
			);
			path = Main;
			sourceTree = "<group>";
		};
		7C4409832A20A86100C68A1E /* Record(old) */ = {
			isa = PBXGroup;
			children = (
				3261460C2A1744A000855A6E /* RecordViewController.swift */,
				3261460D2A1744A000855A6E /* RecordViewController.xib */,
				326146102A17628900855A6E /* Components */,
			);
			path = "Record(old)";
			sourceTree = "<group>";
		};
		7C4409852A20A88C00C68A1E /* BlueLightFilter(old) */ = {
			isa = PBXGroup;
			children = (
				326146212A178F9800855A6E /* BlueLightFilterViewController.swift */,
				326146222A178F9800855A6E /* BlueLightFilterViewController.xib */,
			);
			path = "BlueLightFilter(old)";
			sourceTree = "<group>";
		};
		D8925D1A2A4D1E7700DB9EC9 /* Network */ = {
			isa = PBXGroup;
			children = (
				3F6DFE242A6E2D8D0058CDFB /* API */,
				D8925D1B2A4D1F3C00DB9EC9 /* NetworkManager.swift */,
				D8925D1D2A4D1FAC00DB9EC9 /* NetworkConstants.swift */,
			);
			path = Network;
			sourceTree = "<group>";
		};
		E01E9B74241C568599753070 /* Frameworks */ = {
			isa = PBXGroup;
			children = (
				03BB7DA1F85E5DC44B2FAC5D /* Pods_EyesApp.framework */,
			);
			name = Frameworks;
			sourceTree = "<group>";
		};
/* End PBXGroup section */

/* Begin PBXNativeTarget section */
		32BE4B472A0A451E0014161D /* EyesApp */ = {
			isa = PBXNativeTarget;
			buildConfigurationList = 32BE4B5C2A0A45210014161D /* Build configuration list for PBXNativeTarget "EyesApp" */;
			buildPhases = (
				1EF8FAA8FF266C8BC1E09F6E /* [CP] Check Pods Manifest.lock */,
				32BE4B442A0A451E0014161D /* Sources */,
				32BE4B452A0A451E0014161D /* Frameworks */,
				32BE4B462A0A451E0014161D /* Resources */,
				2F8EDC94A27A69F21024FA2D /* [CP] Embed Pods Frameworks */,
			);
			buildRules = (
			);
			dependencies = (
			);
			name = EyesApp;
			productName = LightApp2;
			productReference = 32BE4B482A0A451E0014161D /* EyesApp.app */;
			productType = "com.apple.product-type.application";
		};
/* End PBXNativeTarget section */

/* Begin PBXProject section */
		32BE4B402A0A451E0014161D /* Project object */ = {
			isa = PBXProject;
			attributes = {
				BuildIndependentTargetsInParallel = 1;
				LastSwiftUpdateCheck = 1410;
				LastUpgradeCheck = 1410;
				TargetAttributes = {
					32BE4B472A0A451E0014161D = {
						CreatedOnToolsVersion = 14.1;
					};
				};
			};
			buildConfigurationList = 32BE4B432A0A451E0014161D /* Build configuration list for PBXProject "EyesApp" */;
			compatibilityVersion = "Xcode 14.0";
			developmentRegion = en;
			hasScannedForEncodings = 0;
			knownRegions = (
				en,
				Base,
			);
			mainGroup = 32BE4B3F2A0A451E0014161D;
			productRefGroup = 32BE4B492A0A451E0014161D /* Products */;
			projectDirPath = "";
			projectRoot = "";
			targets = (
				32BE4B472A0A451E0014161D /* EyesApp */,
			);
		};
/* End PBXProject section */

/* Begin PBXResourcesBuildPhase section */
		32BE4B462A0A451E0014161D /* Resources */ = {
			isa = PBXResourcesBuildPhase;
			buildActionMask = 2147483647;
			files = (
				32BE4B582A0A45210014161D /* LaunchScreen.storyboard in Resources */,
				3F44885A2A725B7F00D573AB /* tabTap.json in Resources */,
				32BE4B552A0A45210014161D /* Assets.xcassets in Resources */,
				3FDCE2E52A70BECD004981D7 /* AstroSpace-eZ2Bg.ttf in Resources */,
				3F4488732A72A7B700D573AB /* SocialViewController.xib in Resources */,
				3FF44B1F2AD57767007A4ECA /* Check.json in Resources */,
				32BE4B622A0A45600014161D /* OldMainViewController.xib in Resources */,
				3F44884D2A722C4F00D573AB /* MainViewController.xib in Resources */,
				3FE31D572A6D653A00E287A0 /* Logo-Animation - 1690117050344.json in Resources */,
				3FDCE2E22A702F52004981D7 /* EyeProtect.json in Resources */,
				326146242A178F9800855A6E /* BlueLightFilterViewController.xib in Resources */,
				326146202A17808900855A6E /* BaseTabBarController.xib in Resources */,
				3FB632112AC46D6E0015AF8D /* FriendListTableViewCell.xib in Resources */,
				3FF44B1B2AD52091007A4ECA /* RobotHead.scn in Resources */,
				3F4488562A724D1800D573AB /* TabBarItemView.xib in Resources */,
				3F4488D72A74B9B500D573AB /* NewsViewController.xib in Resources */,
				3F9681082A920D780031BEFE /* PersonalLabelTableViewCell.xib in Resources */,
				3F4488D92A74C7B400D573AB /* OLas.json in Resources */,
				3FF44B1D2AD57598007A4ECA /* 144251-check.json in Resources */,
				3F4488E72A750A0D00D573AB /* EyeExerciseViewController.xib in Resources */,
				3FDCE2E02A702DF6004981D7 /* LoginViewController.xib in Resources */,
				3F96810C2A920E220031BEFE /* PersonalTableViewCell.xib in Resources */,
				3F44886B2A72A79000D573AB /* ConcentrateViewController.xib in Resources */,
				3F44886F2A72A7A500D573AB /* EquipmentViewController.xib in Resources */,
				326146182A17691900855A6E /* RecordTableViewCell.xib in Resources */,
				3261460F2A1744A000855A6E /* RecordViewController.xib in Resources */,
				3F0246BB2ABC1A3A006EA177 /* MissionTableViewCell.xib in Resources */,
				3F4488632A72A75E00D573AB /* PersonalViewController.xib in Resources */,
				3F4488542A723EDD00D573AB /* CustomTabBarView.xib in Resources */,
			);
			runOnlyForDeploymentPostprocessing = 0;
		};
/* End PBXResourcesBuildPhase section */

/* Begin PBXShellScriptBuildPhase section */
		1EF8FAA8FF266C8BC1E09F6E /* [CP] Check Pods Manifest.lock */ = {
			isa = PBXShellScriptBuildPhase;
			buildActionMask = 2147483647;
			files = (
			);
			inputFileListPaths = (
			);
			inputPaths = (
				"${PODS_PODFILE_DIR_PATH}/Podfile.lock",
				"${PODS_ROOT}/Manifest.lock",
			);
			name = "[CP] Check Pods Manifest.lock";
			outputFileListPaths = (
			);
			outputPaths = (
				"$(DERIVED_FILE_DIR)/Pods-EyesApp-checkManifestLockResult.txt",
			);
			runOnlyForDeploymentPostprocessing = 0;
			shellPath = /bin/sh;
			shellScript = "diff \"${PODS_PODFILE_DIR_PATH}/Podfile.lock\" \"${PODS_ROOT}/Manifest.lock\" > /dev/null\nif [ $? != 0 ] ; then\n    # print error to STDERR\n    echo \"error: The sandbox is not in sync with the Podfile.lock. Run 'pod install' or update your CocoaPods installation.\" >&2\n    exit 1\nfi\n# This output is used by Xcode 'outputs' to avoid re-running this script phase.\necho \"SUCCESS\" > \"${SCRIPT_OUTPUT_FILE_0}\"\n";
			showEnvVarsInLog = 0;
		};
		2F8EDC94A27A69F21024FA2D /* [CP] Embed Pods Frameworks */ = {
			isa = PBXShellScriptBuildPhase;
			buildActionMask = 2147483647;
			files = (
			);
			inputFileListPaths = (
				"${PODS_ROOT}/Target Support Files/Pods-EyesApp/Pods-EyesApp-frameworks-${CONFIGURATION}-input-files.xcfilelist",
			);
			name = "[CP] Embed Pods Frameworks";
			outputFileListPaths = (
				"${PODS_ROOT}/Target Support Files/Pods-EyesApp/Pods-EyesApp-frameworks-${CONFIGURATION}-output-files.xcfilelist",
			);
			runOnlyForDeploymentPostprocessing = 0;
			shellPath = /bin/sh;
			shellScript = "\"${PODS_ROOT}/Target Support Files/Pods-EyesApp/Pods-EyesApp-frameworks.sh\"\n";
			showEnvVarsInLog = 0;
		};
/* End PBXShellScriptBuildPhase section */

/* Begin PBXSourcesBuildPhase section */
		32BE4B442A0A451E0014161D /* Sources */ = {
			isa = PBXSourcesBuildPhase;
			buildActionMask = 2147483647;
			files = (
				3F44884C2A722C4F00D573AB /* MainViewController.swift in Sources */,
				D8925D1E2A4D1FAC00DB9EC9 /* NetworkConstants.swift in Sources */,
				3F6DFE282A6E4D490058CDFB /* GeneralResponse.swift in Sources */,
				3F44875F2A71736400D573AB /* RegisterRequest.swift in Sources */,
				3FB632312AC947C30015AF8D /* GetFriendListRequest.swift in Sources */,
				3F4488752A72BD2800D573AB /* BaseViewController.swift in Sources */,
				3F6DFE262A6E2DA90058CDFB /* LoginRequest.swift in Sources */,
				3F44886E2A72A7A500D573AB /* EquipmentViewController.swift in Sources */,
				3F44886A2A72A79000D573AB /* ConcentrateViewController.swift in Sources */,
				3F5005472AB0B355007D9DED /* UploadImageRequest.swift in Sources */,
				3F4488582A724D5100D573AB /* TabBarItemView.swift in Sources */,
				D8925D1C2A4D1F3C00DB9EC9 /* NetworkManager.swift in Sources */,
				3F7C2E402AAED9BE004B71F4 /* UserPreferences.swift in Sources */,
				32BE4B4C2A0A451E0014161D /* AppDelegate.swift in Sources */,
				3F4489BB2A77FDA700D573AB /* ARkitCount.swift in Sources */,
				3261461F2A17808900855A6E /* BaseTabBarController.swift in Sources */,
				3F89F83A2AE0314D00E8781C /* AuthenticationResponse.swift in Sources */,
				3F4488622A72A75E00D573AB /* PersonalViewController.swift in Sources */,
				3FDCE2DF2A702DF6004981D7 /* LoginViewController.swift in Sources */,
				3FB6330D2AC9C79C0015AF8D /* GetMissionListRequest.swift in Sources */,
				3FDCE3082A710452004981D7 /* Text+Extension.swift in Sources */,
				3FB632912AC94D990015AF8D /* String+Extension.swift in Sources */,
				326146232A178F9800855A6E /* BlueLightFilterViewController.swift in Sources */,
				32BE4B4E2A0A451E0014161D /* SceneDelegate.swift in Sources */,
				32593D2F2A1DFBB7005A1A6B /* LocalDatabase.swift in Sources */,
				3F6DFBDF2A6D76750058CDFB /* Color+Extnesion.swift in Sources */,
				3F5005A72AB0D87B007D9DED /* GetPersonInfromationRequest.swift in Sources */,
				3F96808A2A909D650031BEFE /* AppDefine.swift in Sources */,
				3F4488E62A750A0D00D573AB /* EyeExerciseViewController.swift in Sources */,
				3FB632932AC94E570015AF8D /* UIImage+Extension.swift in Sources */,
				D8925D202A4D202E00DB9EC9 /* Encodable+Extension.swift in Sources */,
				32BE4B612A0A45600014161D /* OldMainViewController.swift in Sources */,
				3F4488722A72A7B700D573AB /* SocialViewController.swift in Sources */,
				3FB632102AC46D6E0015AF8D /* FriendListTableViewCell.swift in Sources */,
				326146172A17691900855A6E /* RecordTableViewCell.swift in Sources */,
				3F44875D2A71553900D573AB /* Alert.swift in Sources */,
				3F9681072A920D780031BEFE /* PersonalLabelTableViewCell.swift in Sources */,
				3F4488D62A74B9B500D573AB /* NewsViewController.swift in Sources */,
				3F96810B2A920E220031BEFE /* PersonalTableViewCell.swift in Sources */,
				3261460E2A1744A000855A6E /* RecordViewController.swift in Sources */,
				3F0246BA2ABC1A3A006EA177 /* MissionTableViewCell.swift in Sources */,
				3F4488522A723EBF00D573AB /* CustomTabBarView.swift in Sources */,
			);
			runOnlyForDeploymentPostprocessing = 0;
		};
/* End PBXSourcesBuildPhase section */

/* Begin PBXVariantGroup section */
		32BE4B562A0A45210014161D /* LaunchScreen.storyboard */ = {
			isa = PBXVariantGroup;
			children = (
				32BE4B572A0A45210014161D /* Base */,
			);
			name = LaunchScreen.storyboard;
			sourceTree = "<group>";
		};
/* End PBXVariantGroup section */

/* Begin XCBuildConfiguration section */
		32BE4B5A2A0A45210014161D /* Debug */ = {
			isa = XCBuildConfiguration;
			buildSettings = {
				ALWAYS_SEARCH_USER_PATHS = NO;
				CLANG_ANALYZER_NONNULL = YES;
				CLANG_ANALYZER_NUMBER_OBJECT_CONVERSION = YES_AGGRESSIVE;
				CLANG_CXX_LANGUAGE_STANDARD = "gnu++20";
				CLANG_ENABLE_MODULES = YES;
				CLANG_ENABLE_OBJC_ARC = YES;
				CLANG_ENABLE_OBJC_WEAK = YES;
				CLANG_WARN_BLOCK_CAPTURE_AUTORELEASING = YES;
				CLANG_WARN_BOOL_CONVERSION = YES;
				CLANG_WARN_COMMA = YES;
				CLANG_WARN_CONSTANT_CONVERSION = YES;
				CLANG_WARN_DEPRECATED_OBJC_IMPLEMENTATIONS = YES;
				CLANG_WARN_DIRECT_OBJC_ISA_USAGE = YES_ERROR;
				CLANG_WARN_DOCUMENTATION_COMMENTS = YES;
				CLANG_WARN_EMPTY_BODY = YES;
				CLANG_WARN_ENUM_CONVERSION = YES;
				CLANG_WARN_INFINITE_RECURSION = YES;
				CLANG_WARN_INT_CONVERSION = YES;
				CLANG_WARN_NON_LITERAL_NULL_CONVERSION = YES;
				CLANG_WARN_OBJC_IMPLICIT_RETAIN_SELF = YES;
				CLANG_WARN_OBJC_LITERAL_CONVERSION = YES;
				CLANG_WARN_OBJC_ROOT_CLASS = YES_ERROR;
				CLANG_WARN_QUOTED_INCLUDE_IN_FRAMEWORK_HEADER = YES;
				CLANG_WARN_RANGE_LOOP_ANALYSIS = YES;
				CLANG_WARN_STRICT_PROTOTYPES = YES;
				CLANG_WARN_SUSPICIOUS_MOVE = YES;
				CLANG_WARN_UNGUARDED_AVAILABILITY = YES_AGGRESSIVE;
				CLANG_WARN_UNREACHABLE_CODE = YES;
				CLANG_WARN__DUPLICATE_METHOD_MATCH = YES;
				CODE_SIGN_IDENTITY = "Apple Development: Hung-Ming Chen (NHPJ3CC74D)";
				COPY_PHASE_STRIP = NO;
				DEBUG_INFORMATION_FORMAT = dwarf;
				ENABLE_STRICT_OBJC_MSGSEND = YES;
				ENABLE_TESTABILITY = YES;
				GCC_C_LANGUAGE_STANDARD = gnu11;
				GCC_DYNAMIC_NO_PIC = NO;
				GCC_NO_COMMON_BLOCKS = YES;
				GCC_OPTIMIZATION_LEVEL = 0;
				GCC_PREPROCESSOR_DEFINITIONS = (
					"DEBUG=1",
					"$(inherited)",
				);
				GCC_WARN_64_TO_32_BIT_CONVERSION = YES;
				GCC_WARN_ABOUT_RETURN_TYPE = YES_ERROR;
				GCC_WARN_UNDECLARED_SELECTOR = YES;
				GCC_WARN_UNINITIALIZED_AUTOS = YES_AGGRESSIVE;
				GCC_WARN_UNUSED_FUNCTION = YES;
				GCC_WARN_UNUSED_VARIABLE = YES;
				IPHONEOS_DEPLOYMENT_TARGET = 16.1;
				MTL_ENABLE_DEBUG_INFO = INCLUDE_SOURCE;
				MTL_FAST_MATH = YES;
				ONLY_ACTIVE_ARCH = YES;
				SDKROOT = iphoneos;
				SWIFT_ACTIVE_COMPILATION_CONDITIONS = DEBUG;
				SWIFT_OPTIMIZATION_LEVEL = "-Onone";
			};
			name = Debug;
		};
		32BE4B5B2A0A45210014161D /* Release */ = {
			isa = XCBuildConfiguration;
			buildSettings = {
				ALWAYS_SEARCH_USER_PATHS = NO;
				CLANG_ANALYZER_NONNULL = YES;
				CLANG_ANALYZER_NUMBER_OBJECT_CONVERSION = YES_AGGRESSIVE;
				CLANG_CXX_LANGUAGE_STANDARD = "gnu++20";
				CLANG_ENABLE_MODULES = YES;
				CLANG_ENABLE_OBJC_ARC = YES;
				CLANG_ENABLE_OBJC_WEAK = YES;
				CLANG_WARN_BLOCK_CAPTURE_AUTORELEASING = YES;
				CLANG_WARN_BOOL_CONVERSION = YES;
				CLANG_WARN_COMMA = YES;
				CLANG_WARN_CONSTANT_CONVERSION = YES;
				CLANG_WARN_DEPRECATED_OBJC_IMPLEMENTATIONS = YES;
				CLANG_WARN_DIRECT_OBJC_ISA_USAGE = YES_ERROR;
				CLANG_WARN_DOCUMENTATION_COMMENTS = YES;
				CLANG_WARN_EMPTY_BODY = YES;
				CLANG_WARN_ENUM_CONVERSION = YES;
				CLANG_WARN_INFINITE_RECURSION = YES;
				CLANG_WARN_INT_CONVERSION = YES;
				CLANG_WARN_NON_LITERAL_NULL_CONVERSION = YES;
				CLANG_WARN_OBJC_IMPLICIT_RETAIN_SELF = YES;
				CLANG_WARN_OBJC_LITERAL_CONVERSION = YES;
				CLANG_WARN_OBJC_ROOT_CLASS = YES_ERROR;
				CLANG_WARN_QUOTED_INCLUDE_IN_FRAMEWORK_HEADER = YES;
				CLANG_WARN_RANGE_LOOP_ANALYSIS = YES;
				CLANG_WARN_STRICT_PROTOTYPES = YES;
				CLANG_WARN_SUSPICIOUS_MOVE = YES;
				CLANG_WARN_UNGUARDED_AVAILABILITY = YES_AGGRESSIVE;
				CLANG_WARN_UNREACHABLE_CODE = YES;
				CLANG_WARN__DUPLICATE_METHOD_MATCH = YES;
				CODE_SIGN_IDENTITY = "Apple Development: Hung-Ming Chen (NHPJ3CC74D)";
				COPY_PHASE_STRIP = NO;
				DEBUG_INFORMATION_FORMAT = "dwarf-with-dsym";
				ENABLE_NS_ASSERTIONS = NO;
				ENABLE_STRICT_OBJC_MSGSEND = YES;
				GCC_C_LANGUAGE_STANDARD = gnu11;
				GCC_NO_COMMON_BLOCKS = YES;
				GCC_WARN_64_TO_32_BIT_CONVERSION = YES;
				GCC_WARN_ABOUT_RETURN_TYPE = YES_ERROR;
				GCC_WARN_UNDECLARED_SELECTOR = YES;
				GCC_WARN_UNINITIALIZED_AUTOS = YES_AGGRESSIVE;
				GCC_WARN_UNUSED_FUNCTION = YES;
				GCC_WARN_UNUSED_VARIABLE = YES;
				IPHONEOS_DEPLOYMENT_TARGET = 16.1;
				MTL_ENABLE_DEBUG_INFO = NO;
				MTL_FAST_MATH = YES;
				SDKROOT = iphoneos;
				SWIFT_COMPILATION_MODE = wholemodule;
				SWIFT_OPTIMIZATION_LEVEL = "-O";
				VALIDATE_PRODUCT = YES;
			};
			name = Release;
		};
		32BE4B5D2A0A45210014161D /* Debug */ = {
			isa = XCBuildConfiguration;
			baseConfigurationReference = B4690A957F43C863D075AD8F /* Pods-EyesApp.debug.xcconfig */;
			buildSettings = {
				ASSETCATALOG_COMPILER_APPICON_NAME = AppIcon;
				ASSETCATALOG_COMPILER_GLOBAL_ACCENT_COLOR_NAME = AccentColor;
				CODE_SIGN_ENTITLEMENTS = EyesApp/EyesApp.entitlements;
				CODE_SIGN_IDENTITY = "Apple Development";
				CODE_SIGN_STYLE = Automatic;
				CURRENT_PROJECT_VERSION = 1;
				DEVELOPMENT_TEAM = S8FBP4YLUA;
				GENERATE_INFOPLIST_FILE = YES;
				INFOPLIST_FILE = EyesApp/Info.plist;
				INFOPLIST_KEY_NSCameraUsageDescription = "需要啟用眼睛保健操功能";
				INFOPLIST_KEY_UIApplicationSupportsIndirectInputEvents = YES;
				INFOPLIST_KEY_UILaunchStoryboardName = LaunchScreen;
				INFOPLIST_KEY_UIRequiresFullScreen = YES;
				INFOPLIST_KEY_UISupportedInterfaceOrientations = UIInterfaceOrientationPortrait;
				INFOPLIST_KEY_UISupportedInterfaceOrientations_iPad = "UIInterfaceOrientationLandscapeLeft UIInterfaceOrientationLandscapeRight UIInterfaceOrientationPortrait UIInterfaceOrientationPortraitUpsideDown";
				INFOPLIST_KEY_UIUserInterfaceStyle = Light;
				IPHONEOS_DEPLOYMENT_TARGET = 15.0;
				LD_RUNPATH_SEARCH_PATHS = (
					"$(inherited)",
					"@executable_path/Frameworks",
				);
				MARKETING_VERSION = 1.0;
				PRODUCT_BUNDLE_IDENTIFIER = com.imac.eyesapp;
				PRODUCT_NAME = "$(TARGET_NAME)";
				SWIFT_EMIT_LOC_STRINGS = YES;
				SWIFT_VERSION = 5.0;
				TARGETED_DEVICE_FAMILY = "1,2";
			};
			name = Debug;
		};
		32BE4B5E2A0A45210014161D /* Release */ = {
			isa = XCBuildConfiguration;
			baseConfigurationReference = 7676AE22173A08CF302C5B8F /* Pods-EyesApp.release.xcconfig */;
			buildSettings = {
				ASSETCATALOG_COMPILER_APPICON_NAME = AppIcon;
				ASSETCATALOG_COMPILER_GLOBAL_ACCENT_COLOR_NAME = AccentColor;
				CODE_SIGN_ENTITLEMENTS = EyesApp/EyesApp.entitlements;
				CODE_SIGN_IDENTITY = "Apple Development";
				CODE_SIGN_STYLE = Automatic;
				CURRENT_PROJECT_VERSION = 1;
				DEVELOPMENT_TEAM = S8FBP4YLUA;
				GENERATE_INFOPLIST_FILE = YES;
				INFOPLIST_FILE = EyesApp/Info.plist;
				INFOPLIST_KEY_NSCameraUsageDescription = "需要啟用眼睛保健操功能";
				INFOPLIST_KEY_UIApplicationSupportsIndirectInputEvents = YES;
				INFOPLIST_KEY_UILaunchStoryboardName = LaunchScreen;
				INFOPLIST_KEY_UIRequiresFullScreen = YES;
				INFOPLIST_KEY_UISupportedInterfaceOrientations = UIInterfaceOrientationPortrait;
				INFOPLIST_KEY_UISupportedInterfaceOrientations_iPad = "UIInterfaceOrientationLandscapeLeft UIInterfaceOrientationLandscapeRight UIInterfaceOrientationPortrait UIInterfaceOrientationPortraitUpsideDown";
				INFOPLIST_KEY_UIUserInterfaceStyle = Light;
				IPHONEOS_DEPLOYMENT_TARGET = 15.0;
				LD_RUNPATH_SEARCH_PATHS = (
					"$(inherited)",
					"@executable_path/Frameworks",
				);
				MARKETING_VERSION = 1.0;
				PRODUCT_BUNDLE_IDENTIFIER = com.imac.eyesapp;
				PRODUCT_NAME = "$(TARGET_NAME)";
				PROVISIONING_PROFILE_SPECIFIER = "";
				SWIFT_EMIT_LOC_STRINGS = YES;
				SWIFT_VERSION = 5.0;
				TARGETED_DEVICE_FAMILY = "1,2";
			};
			name = Release;
		};
/* End XCBuildConfiguration section */

/* Begin XCConfigurationList section */
		32BE4B432A0A451E0014161D /* Build configuration list for PBXProject "EyesApp" */ = {
			isa = XCConfigurationList;
			buildConfigurations = (
				32BE4B5A2A0A45210014161D /* Debug */,
				32BE4B5B2A0A45210014161D /* Release */,
			);
			defaultConfigurationIsVisible = 0;
			defaultConfigurationName = Release;
		};
		32BE4B5C2A0A45210014161D /* Build configuration list for PBXNativeTarget "EyesApp" */ = {
			isa = XCConfigurationList;
			buildConfigurations = (
				32BE4B5D2A0A45210014161D /* Debug */,
				32BE4B5E2A0A45210014161D /* Release */,
			);
			defaultConfigurationIsVisible = 0;
			defaultConfigurationName = Release;
		};
/* End XCConfigurationList section */
	};
	rootObject = 32BE4B402A0A451E0014161D /* Project object */;
}
